{
  "version": 4,
  "terraform_version": "1.0.1",
  "serial": 32,
  "lineage": "8630acec-aee2-1e0f-72e4-4f9215b00e87",
  "outputs": {
    "name": {
      "value": "RG-Terraform-Udemy",
      "type": "string"
    },
    "vnetname": {
      "value": "Vnet-Azure-Udemy",
      "type": "string"
    }
  },
  "resources": [
    {
      "mode": "managed",
      "type": "azurerm_resource_group",
      "name": "grupo-recurso",
      "provider": "provider[\"registry.terraform.io/hashicorp/azurerm\"]",
      "instances": [
        {
          "schema_version": 0,
          "attributes": {
            "id": "/subscriptions/ba3ceec8-c343-46c0-9180-217762f60e1a/resourceGroups/RG-Terraform-Udemy",
            "location": "eastus",
            "name": "RG-Terraform-Udemy",
            "tags": {
              "Ambiente": "Desenvolvimento",
              "Responsável": "Marcos Silva"
            },
            "timeouts": null
          },
          "sensitive_attributes": [],
          "private": "eyJlMmJmYjczMC1lY2FhLTExZTYtOGY4OC0zNDM2M2JjN2M0YzAiOnsiY3JlYXRlIjo1NDAwMDAwMDAwMDAwLCJkZWxldGUiOjU0MDAwMDAwMDAwMDAsInJlYWQiOjMwMDAwMDAwMDAwMCwidXBkYXRlIjo1NDAwMDAwMDAwMDAwfX0="
        }
      ]
    },
    {
      "mode": "managed",
      "type": "azurerm_virtual_network",
      "name": "vnet",
      "provider": "provider[\"registry.terraform.io/hashicorp/azurerm\"]",
      "instances": [
        {
          "schema_version": 0,
          "attributes": {
            "address_space": [
              "10.0.0.0/16",
              "192.168.0.0/16"
            ],
            "bgp_community": "",
            "ddos_protection_plan": [],
            "dns_servers": [],
            "flow_timeout_in_minutes": 0,
            "guid": "f96160ec-0e84-41bf-805d-9c3b0c882975",
            "id": "/subscriptions/ba3ceec8-c343-46c0-9180-217762f60e1a/resourceGroups/RG-Terraform-Udemy/providers/Microsoft.Network/virtualNetworks/Vnet-Azure-Udemy",
            "location": "eastus",
            "name": "Vnet-Azure-Udemy",
            "resource_group_name": "RG-Terraform-Udemy",
            "subnet": [],
            "tags": {
              "Ambiente": "Desenvolvimento",
              "Responsável": "Marcos Silva"
            },
            "timeouts": null,
            "vm_protection_enabled": false
          },
          "sensitive_attributes": [],
          "private": "eyJlMmJmYjczMC1lY2FhLTExZTYtOGY4OC0zNDM2M2JjN2M0YzAiOnsiY3JlYXRlIjoxODAwMDAwMDAwMDAwLCJkZWxldGUiOjE4MDAwMDAwMDAwMDAsInJlYWQiOjMwMDAwMDAwMDAwMCwidXBkYXRlIjoxODAwMDAwMDAwMDAwfX0=",
          "dependencies": [
            "azurerm_resource_group.grupo-recurso"
          ]
        }
      ]
    }
  ]
}
